// !$*UTF8*$!
{
	archiveVersion = 1;
	classes = {
	};
	objectVersion = 50;
	objects = {

/* Begin PBXBuildFile section */
		B8454F5426CF2554002B1BC2 /* CardCell.swift in Sources */ = {isa = PBXBuildFile; fileRef = B8454F5226CF2554002B1BC2 /* CardCell.swift */; };
		B8454F5526CF2554002B1BC2 /* AlbumViewController.swift in Sources */ = {isa = PBXBuildFile; fileRef = B8454F5326CF2554002B1BC2 /* AlbumViewController.swift */; };
		B8454F5826CF2564002B1BC2 /* Album.storyboard in Resources */ = {isa = PBXBuildFile; fileRef = B8454F5626CF2564002B1BC2 /* Album.storyboard */; };
		B8454F5D26CF2BB6002B1BC2 /* BuyCard.storyboard in Resources */ = {isa = PBXBuildFile; fileRef = B8454F5C26CF2BB6002B1BC2 /* BuyCard.storyboard */; };
		B8454F5F26CF3668002B1BC2 /* BuyCardsViewController.swift in Sources */ = {isa = PBXBuildFile; fileRef = B8454F5E26CF3668002B1BC2 /* BuyCardsViewController.swift */; };
		B8A8EA1926CC0374002E0033 /* AppDelegate.swift in Sources */ = {isa = PBXBuildFile; fileRef = B8A8EA1826CC0374002E0033 /* AppDelegate.swift */; };
		B8A8EA1B26CC0374002E0033 /* SceneDelegate.swift in Sources */ = {isa = PBXBuildFile; fileRef = B8A8EA1A26CC0374002E0033 /* SceneDelegate.swift */; };
		B8A8EA2026CC0374002E0033 /* Menu.storyboard in Resources */ = {isa = PBXBuildFile; fileRef = B8A8EA1E26CC0374002E0033 /* Menu.storyboard */; };
		B8A8EA2226CC0375002E0033 /* Assets.xcassets in Resources */ = {isa = PBXBuildFile; fileRef = B8A8EA2126CC0375002E0033 /* Assets.xcassets */; };
		B8A8EA2D26CC48DA002E0033 /* Launch Screen.storyboard in Resources */ = {isa = PBXBuildFile; fileRef = B8A8EA2C26CC48DA002E0033 /* Launch Screen.storyboard */; };
		B8A8EA3326CC5638002E0033 /* Bouncy.otf in Resources */ = {isa = PBXBuildFile; fileRef = B8A8EA3226CC5638002E0033 /* Bouncy.otf */; };
		B8A8EA3626CC61DF002E0033 /* MenuViewController.swift in Sources */ = {isa = PBXBuildFile; fileRef = B8A8EA3526CC61DF002E0033 /* MenuViewController.swift */; };
		B8A8EA4E26CD698F002E0033 /* Character.swift in Sources */ = {isa = PBXBuildFile; fileRef = B8A8EA4D26CD698F002E0033 /* Character.swift */; };
		B8A8EA5026CD6B46002E0033 /* Utils.swift in Sources */ = {isa = PBXBuildFile; fileRef = B8A8EA4F26CD6B46002E0033 /* Utils.swift */; };
		B8B66AEB26CDBFA90094034A /* FirstLoadAPIViewController.swift in Sources */ = {isa = PBXBuildFile; fileRef = B8B66AEA26CDBFA90094034A /* FirstLoadAPIViewController.swift */; };
		B8B66AED26CDC4BE0094034A /* Main.storyboard in Resources */ = {isa = PBXBuildFile; fileRef = B8B66AEC26CDC4BE0094034A /* Main.storyboard */; };
		B8EEF5B426D01ABE00C93736 /* CharacterPopupViewController.swift in Sources */ = {isa = PBXBuildFile; fileRef = B8EEF5B326D01ABE00C93736 /* CharacterPopupViewController.swift */; };
		B8EEF5B626D01AC900C93736 /* CharacterPopup.storyboard in Resources */ = {isa = PBXBuildFile; fileRef = B8EEF5B526D01AC900C93736 /* CharacterPopup.storyboard */; };
/* End PBXBuildFile section */

/* Begin PBXFileReference section */
		B8454F5226CF2554002B1BC2 /* CardCell.swift */ = {isa = PBXFileReference; fileEncoding = 4; lastKnownFileType = sourcecode.swift; path = CardCell.swift; sourceTree = "<group>"; };
		B8454F5326CF2554002B1BC2 /* AlbumViewController.swift */ = {isa = PBXFileReference; fileEncoding = 4; lastKnownFileType = sourcecode.swift; path = AlbumViewController.swift; sourceTree = "<group>"; };
		B8454F5726CF2564002B1BC2 /* Base */ = {isa = PBXFileReference; lastKnownFileType = file.storyboard; name = Base; path = Base.lproj/Album.storyboard; sourceTree = "<group>"; };
		B8454F5C26CF2BB6002B1BC2 /* BuyCard.storyboard */ = {isa = PBXFileReference; lastKnownFileType = file.storyboard; path = BuyCard.storyboard; sourceTree = "<group>"; };
		B8454F5E26CF3668002B1BC2 /* BuyCardsViewController.swift */ = {isa = PBXFileReference; lastKnownFileType = sourcecode.swift; path = BuyCardsViewController.swift; sourceTree = "<group>"; };
		B8A8EA1526CC0374002E0033 /* AlbumMarvel.app */ = {isa = PBXFileReference; explicitFileType = wrapper.application; includeInIndex = 0; path = AlbumMarvel.app; sourceTree = BUILT_PRODUCTS_DIR; };
		B8A8EA1826CC0374002E0033 /* AppDelegate.swift */ = {isa = PBXFileReference; lastKnownFileType = sourcecode.swift; path = AppDelegate.swift; sourceTree = "<group>"; };
		B8A8EA1A26CC0374002E0033 /* SceneDelegate.swift */ = {isa = PBXFileReference; lastKnownFileType = sourcecode.swift; path = SceneDelegate.swift; sourceTree = "<group>"; };
		B8A8EA1F26CC0374002E0033 /* Base */ = {isa = PBXFileReference; lastKnownFileType = file.storyboard; name = Base; path = Base.lproj/Menu.storyboard; sourceTree = "<group>"; };
		B8A8EA2126CC0375002E0033 /* Assets.xcassets */ = {isa = PBXFileReference; lastKnownFileType = folder.assetcatalog; path = Assets.xcassets; sourceTree = "<group>"; };
		B8A8EA2626CC0375002E0033 /* Info.plist */ = {isa = PBXFileReference; lastKnownFileType = text.plist.xml; path = Info.plist; sourceTree = "<group>"; };
		B8A8EA2C26CC48DA002E0033 /* Launch Screen.storyboard */ = {isa = PBXFileReference; lastKnownFileType = file.storyboard; path = "Launch Screen.storyboard"; sourceTree = "<group>"; };
		B8A8EA3126CC54D4002E0033 /* AlbumMarvel.entitlements */ = {isa = PBXFileReference; fileEncoding = 4; lastKnownFileType = text.plist.entitlements; path = AlbumMarvel.entitlements; sourceTree = "<group>"; };
		B8A8EA3226CC5638002E0033 /* Bouncy.otf */ = {isa = PBXFileReference; lastKnownFileType = file; path = Bouncy.otf; sourceTree = "<group>"; };
		B8A8EA3526CC61DF002E0033 /* MenuViewController.swift */ = {isa = PBXFileReference; lastKnownFileType = sourcecode.swift; path = MenuViewController.swift; sourceTree = "<group>"; };
		B8A8EA4D26CD698F002E0033 /* Character.swift */ = {isa = PBXFileReference; lastKnownFileType = sourcecode.swift; path = Character.swift; sourceTree = "<group>"; };
		B8A8EA4F26CD6B46002E0033 /* Utils.swift */ = {isa = PBXFileReference; lastKnownFileType = sourcecode.swift; path = Utils.swift; sourceTree = "<group>"; };
		B8B66AEA26CDBFA90094034A /* FirstLoadAPIViewController.swift */ = {isa = PBXFileReference; lastKnownFileType = sourcecode.swift; path = FirstLoadAPIViewController.swift; sourceTree = "<group>"; };
		B8B66AEC26CDC4BE0094034A /* Main.storyboard */ = {isa = PBXFileReference; lastKnownFileType = file.storyboard; path = Main.storyboard; sourceTree = "<group>"; };
		B8EEF5B326D01ABE00C93736 /* CharacterPopupViewController.swift */ = {isa = PBXFileReference; lastKnownFileType = sourcecode.swift; path = CharacterPopupViewController.swift; sourceTree = "<group>"; };
		B8EEF5B526D01AC900C93736 /* CharacterPopup.storyboard */ = {isa = PBXFileReference; lastKnownFileType = file.storyboard; path = CharacterPopup.storyboard; sourceTree = "<group>"; };
/* End PBXFileReference section */

/* Begin PBXFrameworksBuildPhase section */
		B8A8EA1226CC0374002E0033 /* Frameworks */ = {
			isa = PBXFrameworksBuildPhase;
			buildActionMask = 2147483647;
			files = (
			);
			runOnlyForDeploymentPostprocessing = 0;
		};
/* End PBXFrameworksBuildPhase section */

/* Begin PBXGroup section */
		B8454F5B26CF2B89002B1BC2 /* BuyCard */ = {
			isa = PBXGroup;
			children = (
				B8454F5C26CF2BB6002B1BC2 /* BuyCard.storyboard */,
				B8454F5E26CF3668002B1BC2 /* BuyCardsViewController.swift */,
			);
			path = BuyCard;
			sourceTree = "<group>";
		};
		B8A8EA0C26CC0374002E0033 = {
			isa = PBXGroup;
			children = (
				B8A8EA1726CC0374002E0033 /* AlbumMarvel */,
				B8A8EA1626CC0374002E0033 /* Products */,
			);
			sourceTree = "<group>";
		};
		B8A8EA1626CC0374002E0033 /* Products */ = {
			isa = PBXGroup;
			children = (
				B8A8EA1526CC0374002E0033 /* AlbumMarvel.app */,
			);
			name = Products;
			sourceTree = "<group>";
		};
		B8A8EA1726CC0374002E0033 /* AlbumMarvel */ = {
			isa = PBXGroup;
			children = (
				B8EEF5B226D0196B00C93736 /* CharacterPopup */,
				B8454F5B26CF2B89002B1BC2 /* BuyCard */,
				B8A8EA3F26CC7A2D002E0033 /* Misc */,
				B8A8EA3E26CC765C002E0033 /* Delegates */,
				B8A8EA3B26CC73CB002E0033 /* Album */,
				B8A8EA3A26CC73BE002E0033 /* Menu */,
				B8A8EA3426CC5A64002E0033 /* ProjectInfos */,
				B8A8EA2126CC0375002E0033 /* Assets.xcassets */,
				B8B66AEA26CDBFA90094034A /* FirstLoadAPIViewController.swift */,
				B8B66AEC26CDC4BE0094034A /* Main.storyboard */,
				B8A8EA2C26CC48DA002E0033 /* Launch Screen.storyboard */,
			);
			path = AlbumMarvel;
			sourceTree = "<group>";
		};
		B8A8EA3426CC5A64002E0033 /* ProjectInfos */ = {
			isa = PBXGroup;
			children = (
				B8A8EA3126CC54D4002E0033 /* AlbumMarvel.entitlements */,
				B8A8EA2626CC0375002E0033 /* Info.plist */,
			);
			path = ProjectInfos;
			sourceTree = "<group>";
		};
		B8A8EA3A26CC73BE002E0033 /* Menu */ = {
			isa = PBXGroup;
			children = (
				B8A8EA1E26CC0374002E0033 /* Menu.storyboard */,
				B8A8EA3526CC61DF002E0033 /* MenuViewController.swift */,
			);
			path = Menu;
			sourceTree = "<group>";
		};
		B8A8EA3B26CC73CB002E0033 /* Album */ = {
			isa = PBXGroup;
			children = (
				B8454F5626CF2564002B1BC2 /* Album.storyboard */,
				B8454F5326CF2554002B1BC2 /* AlbumViewController.swift */,
				B8454F5226CF2554002B1BC2 /* CardCell.swift */,
				B8A8EA4D26CD698F002E0033 /* Character.swift */,
			);
			path = Album;
			sourceTree = "<group>";
		};
		B8A8EA3E26CC765C002E0033 /* Delegates */ = {
			isa = PBXGroup;
			children = (
				B8A8EA1826CC0374002E0033 /* AppDelegate.swift */,
				B8A8EA1A26CC0374002E0033 /* SceneDelegate.swift */,
			);
			path = Delegates;
			sourceTree = "<group>";
		};
		B8A8EA3F26CC7A2D002E0033 /* Misc */ = {
			isa = PBXGroup;
			children = (
				B8A8EA3226CC5638002E0033 /* Bouncy.otf */,
				B8A8EA4F26CD6B46002E0033 /* Utils.swift */,
			);
			path = Misc;
			sourceTree = "<group>";
		};
		B8EEF5B226D0196B00C93736 /* CharacterPopup */ = {
			isa = PBXGroup;
			children = (
				B8EEF5B326D01ABE00C93736 /* CharacterPopupViewController.swift */,
				B8EEF5B526D01AC900C93736 /* CharacterPopup.storyboard */,
			);
			path = CharacterPopup;
			sourceTree = "<group>";
		};
/* End PBXGroup section */

/* Begin PBXNativeTarget section */
		B8A8EA1426CC0374002E0033 /* AlbumMarvel */ = {
			isa = PBXNativeTarget;
			buildConfigurationList = B8A8EA2926CC0375002E0033 /* Build configuration list for PBXNativeTarget "AlbumMarvel" */;
			buildPhases = (
				B8A8EA1126CC0374002E0033 /* Sources */,
				B8A8EA1226CC0374002E0033 /* Frameworks */,
				B8A8EA1326CC0374002E0033 /* Resources */,
			);
			buildRules = (
			);
			dependencies = (
			);
			name = AlbumMarvel;
			productName = AlbumMarvel;
			productReference = B8A8EA1526CC0374002E0033 /* AlbumMarvel.app */;
			productType = "com.apple.product-type.application";
		};
/* End PBXNativeTarget section */

/* Begin PBXProject section */
		B8A8EA0D26CC0374002E0033 /* Project object */ = {
			isa = PBXProject;
			attributes = {
				LastSwiftUpdateCheck = 1250;
				LastUpgradeCheck = 1250;
				TargetAttributes = {
					B8A8EA1426CC0374002E0033 = {
						CreatedOnToolsVersion = 12.5.1;
					};
				};
			};
			buildConfigurationList = B8A8EA1026CC0374002E0033 /* Build configuration list for PBXProject "AlbumMarvel" */;
			compatibilityVersion = "Xcode 9.3";
			developmentRegion = en;
			hasScannedForEncodings = 0;
			knownRegions = (
				en,
				Base,
			);
			mainGroup = B8A8EA0C26CC0374002E0033;
			productRefGroup = B8A8EA1626CC0374002E0033 /* Products */;
			projectDirPath = "";
			projectRoot = "";
			targets = (
				B8A8EA1426CC0374002E0033 /* AlbumMarvel */,
			);
		};
/* End PBXProject section */

/* Begin PBXResourcesBuildPhase section */
		B8A8EA1326CC0374002E0033 /* Resources */ = {
			isa = PBXResourcesBuildPhase;
			buildActionMask = 2147483647;
			files = (
				B8A8EA2D26CC48DA002E0033 /* Launch Screen.storyboard in Resources */,
				B8EEF5B626D01AC900C93736 /* CharacterPopup.storyboard in Resources */,
				B8454F5826CF2564002B1BC2 /* Album.storyboard in Resources */,
				B8B66AED26CDC4BE0094034A /* Main.storyboard in Resources */,
				B8A8EA2226CC0375002E0033 /* Assets.xcassets in Resources */,
				B8A8EA3326CC5638002E0033 /* Bouncy.otf in Resources */,
				B8A8EA2026CC0374002E0033 /* Menu.storyboard in Resources */,
				B8454F5D26CF2BB6002B1BC2 /* BuyCard.storyboard in Resources */,
			);
			runOnlyForDeploymentPostprocessing = 0;
		};
/* End PBXResourcesBuildPhase section */

/* Begin PBXSourcesBuildPhase section */
		B8A8EA1126CC0374002E0033 /* Sources */ = {
			isa = PBXSourcesBuildPhase;
			buildActionMask = 2147483647;
			files = (
				B8454F5F26CF3668002B1BC2 /* BuyCardsViewController.swift in Sources */,
				B8454F5426CF2554002B1BC2 /* CardCell.swift in Sources */,
				B8B66AEB26CDBFA90094034A /* FirstLoadAPIViewController.swift in Sources */,
				B8EEF5B426D01ABE00C93736 /* CharacterPopupViewController.swift in Sources */,
				B8A8EA5026CD6B46002E0033 /* Utils.swift in Sources */,
				B8A8EA1926CC0374002E0033 /* AppDelegate.swift in Sources */,
				B8454F5526CF2554002B1BC2 /* AlbumViewController.swift in Sources */,
				B8A8EA4E26CD698F002E0033 /* Character.swift in Sources */,
				B8A8EA3626CC61DF002E0033 /* MenuViewController.swift in Sources */,
				B8A8EA1B26CC0374002E0033 /* SceneDelegate.swift in Sources */,
			);
			runOnlyForDeploymentPostprocessing = 0;
		};
/* End PBXSourcesBuildPhase section */

/* Begin PBXVariantGroup section */
		B8454F5626CF2564002B1BC2 /* Album.storyboard */ = {
			isa = PBXVariantGroup;
			children = (
				B8454F5726CF2564002B1BC2 /* Base */,
			);
			name = Album.storyboard;
			sourceTree = "<group>";
		};
		B8A8EA1E26CC0374002E0033 /* Menu.storyboard */ = {
			isa = PBXVariantGroup;
			children = (
				B8A8EA1F26CC0374002E0033 /* Base */,
			);
			name = Menu.storyboard;
			sourceTree = "<group>";
		};
/* End PBXVariantGroup section */

/* Begin XCBuildConfiguration section */
		B8A8EA2726CC0375002E0033 /* Debug */ = {
			isa = XCBuildConfiguration;
			buildSettings = {
				ALWAYS_SEARCH_USER_PATHS = NO;
				CLANG_ANALYZER_NONNULL = YES;
				CLANG_ANALYZER_NUMBER_OBJECT_CONVERSION = YES_AGGRESSIVE;
				CLANG_CXX_LANGUAGE_STANDARD = "gnu++14";
				CLANG_CXX_LIBRARY = "libc++";
				CLANG_ENABLE_MODULES = YES;
				CLANG_ENABLE_OBJC_ARC = YES;
				CLANG_ENABLE_OBJC_WEAK = YES;
				CLANG_WARN_BLOCK_CAPTURE_AUTORELEASING = YES;
				CLANG_WARN_BOOL_CONVERSION = YES;
				CLANG_WARN_COMMA = YES;
				CLANG_WARN_CONSTANT_CONVERSION = YES;
				CLANG_WARN_DEPRECATED_OBJC_IMPLEMENTATIONS = YES;
				CLANG_WARN_DIRECT_OBJC_ISA_USAGE = YES_ERROR;
				CLANG_WARN_DOCUMENTATION_COMMENTS = YES;
				CLANG_WARN_EMPTY_BODY = YES;
				CLANG_WARN_ENUM_CONVERSION = YES;
				CLANG_WARN_INFINITE_RECURSION = YES;
				CLANG_WARN_INT_CONVERSION = YES;
				CLANG_WARN_NON_LITERAL_NULL_CONVERSION = YES;
				CLANG_WARN_OBJC_IMPLICIT_RETAIN_SELF = YES;
				CLANG_WARN_OBJC_LITERAL_CONVERSION = YES;
				CLANG_WARN_OBJC_ROOT_CLASS = YES_ERROR;
				CLANG_WARN_QUOTED_INCLUDE_IN_FRAMEWORK_HEADER = YES;
				CLANG_WARN_RANGE_LOOP_ANALYSIS = YES;
				CLANG_WARN_STRICT_PROTOTYPES = YES;
				CLANG_WARN_SUSPICIOUS_MOVE = YES;
				CLANG_WARN_UNGUARDED_AVAILABILITY = YES_AGGRESSIVE;
				CLANG_WARN_UNREACHABLE_CODE = YES;
				CLANG_WARN__DUPLICATE_METHOD_MATCH = YES;
				COPY_PHASE_STRIP = NO;
				DEBUG_INFORMATION_FORMAT = dwarf;
				ENABLE_STRICT_OBJC_MSGSEND = YES;
				ENABLE_TESTABILITY = YES;
				GCC_C_LANGUAGE_STANDARD = gnu11;
				GCC_DYNAMIC_NO_PIC = NO;
				GCC_NO_COMMON_BLOCKS = YES;
				GCC_OPTIMIZATION_LEVEL = 0;
				GCC_PREPROCESSOR_DEFINITIONS = (
					"DEBUG=1",
					"$(inherited)",
				);
				GCC_WARN_64_TO_32_BIT_CONVERSION = YES;
				GCC_WARN_ABOUT_RETURN_TYPE = YES_ERROR;
				GCC_WARN_UNDECLARED_SELECTOR = YES;
				GCC_WARN_UNINITIALIZED_AUTOS = YES_AGGRESSIVE;
				GCC_WARN_UNUSED_FUNCTION = YES;
				GCC_WARN_UNUSED_VARIABLE = YES;
				IPHONEOS_DEPLOYMENT_TARGET = 14.5;
				MTL_ENABLE_DEBUG_INFO = INCLUDE_SOURCE;
				MTL_FAST_MATH = YES;
				ONLY_ACTIVE_ARCH = YES;
				SDKROOT = iphoneos;
				SWIFT_ACTIVE_COMPILATION_CONDITIONS = DEBUG;
				SWIFT_OPTIMIZATION_LEVEL = "-Onone";
			};
			name = Debug;
		};
		B8A8EA2826CC0375002E0033 /* Release */ = {
			isa = XCBuildConfiguration;
			buildSettings = {
				ALWAYS_SEARCH_USER_PATHS = NO;
				CLANG_ANALYZER_NONNULL = YES;
				CLANG_ANALYZER_NUMBER_OBJECT_CONVERSION = YES_AGGRESSIVE;
				CLANG_CXX_LANGUAGE_STANDARD = "gnu++14";
				CLANG_CXX_LIBRARY = "libc++";
				CLANG_ENABLE_MODULES = YES;
				CLANG_ENABLE_OBJC_ARC = YES;
				CLANG_ENABLE_OBJC_WEAK = YES;
				CLANG_WARN_BLOCK_CAPTURE_AUTORELEASING = YES;
				CLANG_WARN_BOOL_CONVERSION = YES;
				CLANG_WARN_COMMA = YES;
				CLANG_WARN_CONSTANT_CONVERSION = YES;
				CLANG_WARN_DEPRECATED_OBJC_IMPLEMENTATIONS = YES;
				CLANG_WARN_DIRECT_OBJC_ISA_USAGE = YES_ERROR;
				CLANG_WARN_DOCUMENTATION_COMMENTS = YES;
				CLANG_WARN_EMPTY_BODY = YES;
				CLANG_WARN_ENUM_CONVERSION = YES;
				CLANG_WARN_INFINITE_RECURSION = YES;
				CLANG_WARN_INT_CONVERSION = YES;
				CLANG_WARN_NON_LITERAL_NULL_CONVERSION = YES;
				CLANG_WARN_OBJC_IMPLICIT_RETAIN_SELF = YES;
				CLANG_WARN_OBJC_LITERAL_CONVERSION = YES;
				CLANG_WARN_OBJC_ROOT_CLASS = YES_ERROR;
				CLANG_WARN_QUOTED_INCLUDE_IN_FRAMEWORK_HEADER = YES;
				CLANG_WARN_RANGE_LOOP_ANALYSIS = YES;
				CLANG_WARN_STRICT_PROTOTYPES = YES;
				CLANG_WARN_SUSPICIOUS_MOVE = YES;
				CLANG_WARN_UNGUARDED_AVAILABILITY = YES_AGGRESSIVE;
				CLANG_WARN_UNREACHABLE_CODE = YES;
				CLANG_WARN__DUPLICATE_METHOD_MATCH = YES;
				COPY_PHASE_STRIP = NO;
				DEBUG_INFORMATION_FORMAT = "dwarf-with-dsym";
				ENABLE_NS_ASSERTIONS = NO;
				ENABLE_STRICT_OBJC_MSGSEND = YES;
				GCC_C_LANGUAGE_STANDARD = gnu11;
				GCC_NO_COMMON_BLOCKS = YES;
				GCC_WARN_64_TO_32_BIT_CONVERSION = YES;
				GCC_WARN_ABOUT_RETURN_TYPE = YES_ERROR;
				GCC_WARN_UNDECLARED_SELECTOR = YES;
				GCC_WARN_UNINITIALIZED_AUTOS = YES_AGGRESSIVE;
				GCC_WARN_UNUSED_FUNCTION = YES;
				GCC_WARN_UNUSED_VARIABLE = YES;
				IPHONEOS_DEPLOYMENT_TARGET = 14.5;
				MTL_ENABLE_DEBUG_INFO = NO;
				MTL_FAST_MATH = YES;
				SDKROOT = iphoneos;
				SWIFT_COMPILATION_MODE = wholemodule;
				SWIFT_OPTIMIZATION_LEVEL = "-O";
				VALIDATE_PRODUCT = YES;
			};
			name = Release;
		};
		B8A8EA2A26CC0375002E0033 /* Debug */ = {
			isa = XCBuildConfiguration;
			buildSettings = {
				ASSETCATALOG_COMPILER_APPICON_NAME = AppIcon;
				ASSETCATALOG_COMPILER_GLOBAL_ACCENT_COLOR_NAME = AccentColor;
				CODE_SIGN_ENTITLEMENTS = AlbumMarvel/ProjectInfos/AlbumMarvel.entitlements;
				CODE_SIGN_STYLE = Automatic;
				DEVELOPMENT_TEAM = 9UCZ959GPV;
				INFOPLIST_FILE = AlbumMarvel/ProjectInfos/Info.plist;
				LD_RUNPATH_SEARCH_PATHS = (
					"$(inherited)",
					"@executable_path/Frameworks",
				);
				PRODUCT_BUNDLE_IDENTIFIER = br.com.gabrielsouza.AlbumMarvel;
				PRODUCT_NAME = "$(TARGET_NAME)";
				SWIFT_VERSION = 5.0;
				TARGETED_DEVICE_FAMILY = 1;
			};
			name = Debug;
		};
		B8A8EA2B26CC0375002E0033 /* Release */ = {
			isa = XCBuildConfiguration;
			buildSettings = {
				ASSETCATALOG_COMPILER_APPICON_NAME = AppIcon;
				ASSETCATALOG_COMPILER_GLOBAL_ACCENT_COLOR_NAME = AccentColor;
				CODE_SIGN_ENTITLEMENTS = AlbumMarvel/ProjectInfos/AlbumMarvel.entitlements;
				CODE_SIGN_STYLE = Automatic;
				DEVELOPMENT_TEAM = 9UCZ959GPV;
				INFOPLIST_FILE = AlbumMarvel/ProjectInfos/Info.plist;
				LD_RUNPATH_SEARCH_PATHS = (
					"$(inherited)",
					"@executable_path/Frameworks",
				);
				PRODUCT_BUNDLE_IDENTIFIER = br.com.gabrielsouza.AlbumMarvel;
				PRODUCT_NAME = "$(TARGET_NAME)";
				SWIFT_VERSION = 5.0;
				TARGETED_DEVICE_FAMILY = 1;
			};
			name = Release;
		};
/* End XCBuildConfiguration section */

/* Begin XCConfigurationList section */
		B8A8EA1026CC0374002E0033 /* Build configuration list for PBXProject "AlbumMarvel" */ = {
			isa = XCConfigurationList;
			buildConfigurations = (
				B8A8EA2726CC0375002E0033 /* Debug */,
				B8A8EA2826CC0375002E0033 /* Release */,
			);
			defaultConfigurationIsVisible = 0;
			defaultConfigurationName = Release;
		};
		B8A8EA2926CC0375002E0033 /* Build configuration list for PBXNativeTarget "AlbumMarvel" */ = {
			isa = XCConfigurationList;
			buildConfigurations = (
				B8A8EA2A26CC0375002E0033 /* Debug */,
				B8A8EA2B26CC0375002E0033 /* Release */,
			);
			defaultConfigurationIsVisible = 0;
			defaultConfigurationName = Release;
		};
/* End XCConfigurationList section */
	};
	rootObject = B8A8EA0D26CC0374002E0033 /* Project object */;
}
